
Microsoft Visual Studio Solution File, Format Version 12.00
# Visual Studio Version 17
VisualStudioVersion = 17.3.32728.150
MinimumVisualStudioVersion = 10.0.40219.1
Project("{9A19103F-16F7-4668-BE54-9A1E7A4F7556}") = "rickhelper", "rickhelper\rickhelper.csproj", "{979F50B4-4DB3-44AA-8CD5-E87FF12636F0}"
EndProject
Project("{9A19103F-16F7-4668-BE54-9A1E7A4F7556}") = "RickImageUpdater", "RickImageUpdater\RickImageUpdater.csproj", "{F598DF6F-68E2-4A21-962D-6DAC190D60BA}"
EndProject
Global
	GlobalSection(SolutionConfigurationPlatforms) = preSolution
		Debug|Any CPU = Debug|Any CPU
		Release|Any CPU = Release|Any CPU
	EndGlobalSection
	GlobalSection(ProjectConfigurationPlatforms) = postSolution
		{979F50B4-4DB3-44AA-8CD5-E87FF12636F0}.Debug|Any CPU.ActiveCfg = Debug|Any CPU
		{979F50B4-4DB3-44AA-8CD5-E87FF12636F0}.Debug|Any CPU.Build.0 = Debug|Any CPU
		{979F50B4-4DB3-44AA-8CD5-E87FF12636F0}.Release|Any CPU.ActiveCfg = Release|Any CPU
		{979F50B4-4DB3-44AA-8CD5-E87FF12636F0}.Release|Any CPU.Build.0 = Release|Any CPU
		{F598DF6F-68E2-4A21-962D-6DAC190D60BA}.Debug|Any CPU.ActiveCfg = Debug|Any CPU
		{F598DF6F-68E2-4A21-962D-6DAC190D60BA}.Debug|Any CPU.Build.0 = Debug|Any CPU
		{F598DF6F-68E2-4A21-962D-6DAC190D60BA}.Release|Any CPU.ActiveCfg = Release|Any CPU
		{F598DF6F-68E2-4A21-962D-6DAC190D60BA}.Release|Any CPU.Build.0 = Release|Any CPU
	EndGlobalSection
	GlobalSection(SolutionProperties) = preSolution
		HideSolutionNode = FALSE
	EndGlobalSection
	GlobalSection(ExtensibilityGlobals) = postSolution
		SolutionGuid = {CC84153A-031D-4CA1-93E2-ADFEB7F5C432}
	EndGlobalSection
EndGlobal
